// !$*UTF8*$!
{
	archiveVersion = 1;
	classes = {
	};
	objectVersion = 51;
	objects = {

/* Begin PBXBuildFile section */
		1C433AB0249ACCE3008977F2 /* ProfileViewController.swift in Sources */ = {isa = PBXBuildFile; fileRef = 1C433AAF249ACCE3008977F2 /* ProfileViewController.swift */; };
		1C433AB2249ACD3C008977F2 /* SubjectsViewController.swift in Sources */ = {isa = PBXBuildFile; fileRef = 1C433AB1249ACD3C008977F2 /* SubjectsViewController.swift */; };
		1C433AB4249ACD60008977F2 /* NotesViewController.swift in Sources */ = {isa = PBXBuildFile; fileRef = 1C433AB3249ACD60008977F2 /* NotesViewController.swift */; };
		1C433AB6249ACD8A008977F2 /* ForumViewController.swift in Sources */ = {isa = PBXBuildFile; fileRef = 1C433AB5249ACD8A008977F2 /* ForumViewController.swift */; };
		1C433AB8249ACDAA008977F2 /* AboutUsViewController.swift in Sources */ = {isa = PBXBuildFile; fileRef = 1C433AB7249ACDAA008977F2 /* AboutUsViewController.swift */; };
		1C433ABA249ACDC3008977F2 /* NewsViewController.swift in Sources */ = {isa = PBXBuildFile; fileRef = 1C433AB9249ACDC3008977F2 /* NewsViewController.swift */; };
		1C433ABC249ACE2A008977F2 /* SettingsViewController.swift in Sources */ = {isa = PBXBuildFile; fileRef = 1C433ABB249ACE2A008977F2 /* SettingsViewController.swift */; };
		1C85D86724A5AA9A00EC78A7 /* IntrotoCSViewController.swift in Sources */ = {isa = PBXBuildFile; fileRef = 1C85D86624A5AA9A00EC78A7 /* IntrotoCSViewController.swift */; };
		1C85D86B24AE270C00EC78A7 /* OneViewController.swift in Sources */ = {isa = PBXBuildFile; fileRef = 1C85D86A24AE270C00EC78A7 /* OneViewController.swift */; };
		1C85D86F24AE29BC00EC78A7 /* ThreeViewController.swift in Sources */ = {isa = PBXBuildFile; fileRef = 1C85D86E24AE29BC00EC78A7 /* ThreeViewController.swift */; };
		1C85D87124AE2AC100EC78A7 /* TwoViewController.swift in Sources */ = {isa = PBXBuildFile; fileRef = 1C85D87024AE2AC100EC78A7 /* TwoViewController.swift */; };
		1C85D87324AE2AD400EC78A7 /* FourViewController.swift in Sources */ = {isa = PBXBuildFile; fileRef = 1C85D87224AE2AD400EC78A7 /* FourViewController.swift */; };
		1C85D87524AE2B0800EC78A7 /* FiveViewController.swift in Sources */ = {isa = PBXBuildFile; fileRef = 1C85D87424AE2B0800EC78A7 /* FiveViewController.swift */; };
		1C85D87924AE2B4800EC78A7 /* SevenViewController.swift in Sources */ = {isa = PBXBuildFile; fileRef = 1C85D87824AE2B4800EC78A7 /* SevenViewController.swift */; };
		1C85D87B24AE2B8F00EC78A7 /* EightViewController.swift in Sources */ = {isa = PBXBuildFile; fileRef = 1C85D87A24AE2B8F00EC78A7 /* EightViewController.swift */; };
		1C85D87D24AE2BF400EC78A7 /* NineViewController.swift in Sources */ = {isa = PBXBuildFile; fileRef = 1C85D87C24AE2BF400EC78A7 /* NineViewController.swift */; };
		1C85D87F24AE2C2B00EC78A7 /* TenViewController.swift in Sources */ = {isa = PBXBuildFile; fileRef = 1C85D87E24AE2C2B00EC78A7 /* TenViewController.swift */; };
		1C85D88124AE2C4600EC78A7 /* ElevenViewController.swift in Sources */ = {isa = PBXBuildFile; fileRef = 1C85D88024AE2C4600EC78A7 /* ElevenViewController.swift */; };
		1C85D88324AE2C9700EC78A7 /* TwelveViewController.swift in Sources */ = {isa = PBXBuildFile; fileRef = 1C85D88224AE2C9700EC78A7 /* TwelveViewController.swift */; };
		1C85D88524AE2CD600EC78A7 /* ThirteenViewController.swift in Sources */ = {isa = PBXBuildFile; fileRef = 1C85D88424AE2CD600EC78A7 /* ThirteenViewController.swift */; };
		1C85D88724AE2D5800EC78A7 /* FourteenViewController.swift in Sources */ = {isa = PBXBuildFile; fileRef = 1C85D88624AE2D5800EC78A7 /* FourteenViewController.swift */; };
		1C85D88924AE2D9B00EC78A7 /* FifteenViewController.swift in Sources */ = {isa = PBXBuildFile; fileRef = 1C85D88824AE2D9B00EC78A7 /* FifteenViewController.swift */; };
		1C85D88B24AE2E0C00EC78A7 /* SixteenViewController.swift in Sources */ = {isa = PBXBuildFile; fileRef = 1C85D88A24AE2E0C00EC78A7 /* SixteenViewController.swift */; };
		1C85D88D24AE2E6400EC78A7 /* SeventeenViewController.swift in Sources */ = {isa = PBXBuildFile; fileRef = 1C85D88C24AE2E6400EC78A7 /* SeventeenViewController.swift */; };
		1C85D88F24AE2E8800EC78A7 /* EighteenViewController.swift in Sources */ = {isa = PBXBuildFile; fileRef = 1C85D88E24AE2E8800EC78A7 /* EighteenViewController.swift */; };
		1C85D89124AE2F5600EC78A7 /* NineteenViewController.swift in Sources */ = {isa = PBXBuildFile; fileRef = 1C85D89024AE2F5600EC78A7 /* NineteenViewController.swift */; };
		1C85D89324AE2F6E00EC78A7 /* TwentyViewController.swift in Sources */ = {isa = PBXBuildFile; fileRef = 1C85D89224AE2F6E00EC78A7 /* TwentyViewController.swift */; };
		1C85D89524AE302500EC78A7 /* TwentyoneViewController.swift in Sources */ = {isa = PBXBuildFile; fileRef = 1C85D89424AE302500EC78A7 /* TwentyoneViewController.swift */; };
		1C85D89724AE305800EC78A7 /* TwentytwoViewController.swift in Sources */ = {isa = PBXBuildFile; fileRef = 1C85D89624AE305800EC78A7 /* TwentytwoViewController.swift */; };
		1C85D89924AE307000EC78A7 /* TwentythreeViewController.swift in Sources */ = {isa = PBXBuildFile; fileRef = 1C85D89824AE307000EC78A7 /* TwentythreeViewController.swift */; };
		1C85D89D24AE30B700EC78A7 /* TwentyfourViewController.swift in Sources */ = {isa = PBXBuildFile; fileRef = 1C85D89C24AE30B700EC78A7 /* TwentyfourViewController.swift */; };
		1C85D89F24AE30EC00EC78A7 /* TwentyfiveViewController.swift in Sources */ = {isa = PBXBuildFile; fileRef = 1C85D89E24AE30EC00EC78A7 /* TwentyfiveViewController.swift */; };
		1C85D8A124AE311500EC78A7 /* TwentysixViewController.swift in Sources */ = {isa = PBXBuildFile; fileRef = 1C85D8A024AE311400EC78A7 /* TwentysixViewController.swift */; };
		1C85D8A324AE313100EC78A7 /* TwentysevenViewController.swift in Sources */ = {isa = PBXBuildFile; fileRef = 1C85D8A224AE313100EC78A7 /* TwentysevenViewController.swift */; };
		1C85D8A524AE316800EC78A7 /* TwentyeightViewController.swift in Sources */ = {isa = PBXBuildFile; fileRef = 1C85D8A424AE316800EC78A7 /* TwentyeightViewController.swift */; };
		1C85D8A724AE322400EC78A7 /* TwentynineViewController.swift in Sources */ = {isa = PBXBuildFile; fileRef = 1C85D8A624AE322400EC78A7 /* TwentynineViewController.swift */; };
		1C85D8A924AE323A00EC78A7 /* ThirtyViewController.swift in Sources */ = {isa = PBXBuildFile; fileRef = 1C85D8A824AE323A00EC78A7 /* ThirtyViewController.swift */; };
		1C85D8AB24AE32AC00EC78A7 /* ThirtyoneViewController.swift in Sources */ = {isa = PBXBuildFile; fileRef = 1C85D8AA24AE32AC00EC78A7 /* ThirtyoneViewController.swift */; };
		1C85D8AD24AE32D900EC78A7 /* ThirtytwoViewController.swift in Sources */ = {isa = PBXBuildFile; fileRef = 1C85D8AC24AE32D900EC78A7 /* ThirtytwoViewController.swift */; };
		1C85D8AF24AE336D00EC78A7 /* ThirtythreeViewController.swift in Sources */ = {isa = PBXBuildFile; fileRef = 1C85D8AE24AE336D00EC78A7 /* ThirtythreeViewController.swift */; };
		1C85D8B124AE33B500EC78A7 /* ThirtyfourViewController.swift in Sources */ = {isa = PBXBuildFile; fileRef = 1C85D8B024AE33B500EC78A7 /* ThirtyfourViewController.swift */; };
		1C85D8B324AE33DF00EC78A7 /* ThirtyfiveViewController.swift in Sources */ = {isa = PBXBuildFile; fileRef = 1C85D8B224AE33DF00EC78A7 /* ThirtyfiveViewController.swift */; };
		1C85D8B524AE341C00EC78A7 /* ThirtysixViewController.swift in Sources */ = {isa = PBXBuildFile; fileRef = 1C85D8B424AE341C00EC78A7 /* ThirtysixViewController.swift */; };
		1C85D8B724AE349200EC78A7 /* ThirtysevenViewController.swift in Sources */ = {isa = PBXBuildFile; fileRef = 1C85D8B624AE349200EC78A7 /* ThirtysevenViewController.swift */; };
		1C85D8B924AE34E000EC78A7 /* ThirtyeightViewController.swift in Sources */ = {isa = PBXBuildFile; fileRef = 1C85D8B824AE34E000EC78A7 /* ThirtyeightViewController.swift */; };
		1C85D8BB24AE34F600EC78A7 /* ThirtynineViewController.swift in Sources */ = {isa = PBXBuildFile; fileRef = 1C85D8BA24AE34F600EC78A7 /* ThirtynineViewController.swift */; };
		1C85D8BD24AE350E00EC78A7 /* FortyViewController.swift in Sources */ = {isa = PBXBuildFile; fileRef = 1C85D8BC24AE350E00EC78A7 /* FortyViewController.swift */; };
		1C85D8BF24AE362200EC78A7 /* FortyoneViewController.swift in Sources */ = {isa = PBXBuildFile; fileRef = 1C85D8BE24AE362200EC78A7 /* FortyoneViewController.swift */; };
		1C85D8C124AE363F00EC78A7 /* FortytwoViewController.swift in Sources */ = {isa = PBXBuildFile; fileRef = 1C85D8C024AE363F00EC78A7 /* FortytwoViewController.swift */; };
		1C85D8C324AE365400EC78A7 /* FortythreeViewController.swift in Sources */ = {isa = PBXBuildFile; fileRef = 1C85D8C224AE365400EC78A7 /* FortythreeViewController.swift */; };
		1C85D8C524AE366800EC78A7 /* FortyfourViewController.swift in Sources */ = {isa = PBXBuildFile; fileRef = 1C85D8C424AE366800EC78A7 /* FortyfourViewController.swift */; };
		1C85D8C724AE367D00EC78A7 /* FortyfiveViewController.swift in Sources */ = {isa = PBXBuildFile; fileRef = 1C85D8C624AE367D00EC78A7 /* FortyfiveViewController.swift */; };
		1C85D8C924AE369700EC78A7 /* FortysixViewController.swift in Sources */ = {isa = PBXBuildFile; fileRef = 1C85D8C824AE369700EC78A7 /* FortysixViewController.swift */; };
		1C85D8CB24AE36B000EC78A7 /* FortysevenViewController.swift in Sources */ = {isa = PBXBuildFile; fileRef = 1C85D8CA24AE36B000EC78A7 /* FortysevenViewController.swift */; };
		1C85D8CD24AE36C300EC78A7 /* FortyeightViewController.swift in Sources */ = {isa = PBXBuildFile; fileRef = 1C85D8CC24AE36C300EC78A7 /* FortyeightViewController.swift */; };
		1C85D8CF24AE36D400EC78A7 /* FortynineViewController.swift in Sources */ = {isa = PBXBuildFile; fileRef = 1C85D8CE24AE36D400EC78A7 /* FortynineViewController.swift */; };
		1C85D8D124AE373400EC78A7 /* FiftyViewController.swift in Sources */ = {isa = PBXBuildFile; fileRef = 1C85D8D024AE373400EC78A7 /* FiftyViewController.swift */; };
		1C85D8D324AE375200EC78A7 /* FiftyoneViewController.swift in Sources */ = {isa = PBXBuildFile; fileRef = 1C85D8D224AE375200EC78A7 /* FiftyoneViewController.swift */; };
		1C85D8D524AE378100EC78A7 /* FiftytwoViewController.swift in Sources */ = {isa = PBXBuildFile; fileRef = 1C85D8D424AE378100EC78A7 /* FiftytwoViewController.swift */; };
		1C85D8D724AE37C000EC78A7 /* FiftythreeViewController.swift in Sources */ = {isa = PBXBuildFile; fileRef = 1C85D8D624AE37C000EC78A7 /* FiftythreeViewController.swift */; };
		1C85D8D924AE37DF00EC78A7 /* FiftyfourViewController.swift in Sources */ = {isa = PBXBuildFile; fileRef = 1C85D8D824AE37DF00EC78A7 /* FiftyfourViewController.swift */; };
		1C85D8DB24AE37F700EC78A7 /* FiftyfiveViewController.swift in Sources */ = {isa = PBXBuildFile; fileRef = 1C85D8DA24AE37F700EC78A7 /* FiftyfiveViewController.swift */; };
		1C85D8DD24AE380E00EC78A7 /* FiftysixViewController.swift in Sources */ = {isa = PBXBuildFile; fileRef = 1C85D8DC24AE380E00EC78A7 /* FiftysixViewController.swift */; };
		1C85D8E124AFD8DB00EC78A7 /* ProgrammingViewController.swift in Sources */ = {isa = PBXBuildFile; fileRef = 1C85D8E024AFD8DB00EC78A7 /* ProgrammingViewController.swift */; };
		1C85D8E324AFD92A00EC78A7 /* WebDevViewController.swift in Sources */ = {isa = PBXBuildFile; fileRef = 1C85D8E224AFD92A00EC78A7 /* WebDevViewController.swift */; };
		1C85D8E524AFD97C00EC78A7 /* MADViewController.swift in Sources */ = {isa = PBXBuildFile; fileRef = 1C85D8E424AFD97C00EC78A7 /* MADViewController.swift */; };
		1C85D8E724AFD9A200EC78A7 /* CloudCViewController.swift in Sources */ = {isa = PBXBuildFile; fileRef = 1C85D8E624AFD9A200EC78A7 /* CloudCViewController.swift */; };
		1C85D8E924AFD9C100EC78A7 /* DatabasesViewController.swift in Sources */ = {isa = PBXBuildFile; fileRef = 1C85D8E824AFD9C100EC78A7 /* DatabasesViewController.swift */; };
		1C85D8EB24AFDA0E00EC78A7 /* GameDevViewController.swift in Sources */ = {isa = PBXBuildFile; fileRef = 1C85D8EA24AFDA0E00EC78A7 /* GameDevViewController.swift */; };
		1C85D8ED24B1212E00EC78A7 /* WebDViewController.swift in Sources */ = {isa = PBXBuildFile; fileRef = 1C85D8EC24B1212E00EC78A7 /* WebDViewController.swift */; };
		1C85D8EF24B132DD00EC78A7 /* SixViewController.swift in Sources */ = {isa = PBXBuildFile; fileRef = 1C85D8EE24B132DD00EC78A7 /* SixViewController.swift */; };
		682226AA91FBC1CF9B8D0463 /* Pods_Kode4KidsTests.framework in Frameworks */ = {isa = PBXBuildFile; fileRef = 1AC5EF1E002E08B8FDA76CA9 /* Pods_Kode4KidsTests.framework */; };
		7F035EDD2475580100E3EFAA /* Utilities.swift in Sources */ = {isa = PBXBuildFile; fileRef = 7F035EDC2475580100E3EFAA /* Utilities.swift */; };
		7F4FE22324755EA000A287F5 /* Kode4KidsLogo.png in Resources */ = {isa = PBXBuildFile; fileRef = 7F4FE22024755EA000A287F5 /* Kode4KidsLogo.png */; };
		7F4FE2292475648400A287F5 /* GoogleService-Info.plist in Resources */ = {isa = PBXBuildFile; fileRef = 7F4FE2282475648400A287F5 /* GoogleService-Info.plist */; };
		7F59B63624AA3EF7004E3766 /* Twitter logo.png in Resources */ = {isa = PBXBuildFile; fileRef = 7F59B63424AA3EF6004E3766 /* Twitter logo.png */; };
		7F59B63924AA3F0D004E3766 /* YT logo.png in Resources */ = {isa = PBXBuildFile; fileRef = 7F59B63824AA3F0C004E3766 /* YT logo.png */; };
		7F75719324A9FC58003080FB /* Insta logo.png in Resources */ = {isa = PBXBuildFile; fileRef = 7F75719224A9FC58003080FB /* Insta logo.png */; };
		7F75719724AA0C24003080FB /* Settings.bundle in Resources */ = {isa = PBXBuildFile; fileRef = 7F75719624AA0C24003080FB /* Settings.bundle */; };
		7F8B5B59249943860015382D /* Service.swift in Sources */ = {isa = PBXBuildFile; fileRef = 7F8B5B58249943860015382D /* Service.swift */; };
		7FA7F44324780F8A003DA822 /* Constants.swift in Sources */ = {isa = PBXBuildFile; fileRef = 7FA7F44224780F8A003DA822 /* Constants.swift */; };
		7FD1D70B2471C6C8009739DB /* AppDelegate.swift in Sources */ = {isa = PBXBuildFile; fileRef = 7FD1D70A2471C6C8009739DB /* AppDelegate.swift */; };
		7FD1D70D2471C6C8009739DB /* SceneDelegate.swift in Sources */ = {isa = PBXBuildFile; fileRef = 7FD1D70C2471C6C8009739DB /* SceneDelegate.swift */; };
		7FD1D70F2471C6C8009739DB /* ViewController.swift in Sources */ = {isa = PBXBuildFile; fileRef = 7FD1D70E2471C6C8009739DB /* ViewController.swift */; };
		7FD1D7122471C6C8009739DB /* Main.storyboard in Resources */ = {isa = PBXBuildFile; fileRef = 7FD1D7102471C6C8009739DB /* Main.storyboard */; };
		7FD1D7142471C6CA009739DB /* Assets.xcassets in Resources */ = {isa = PBXBuildFile; fileRef = 7FD1D7132471C6CA009739DB /* Assets.xcassets */; };
		7FD1D7172471C6CA009739DB /* LaunchScreen.storyboard in Resources */ = {isa = PBXBuildFile; fileRef = 7FD1D7152471C6CA009739DB /* LaunchScreen.storyboard */; };
		7FD1D7222471C6CA009739DB /* Kode4KidsTests.swift in Sources */ = {isa = PBXBuildFile; fileRef = 7FD1D7212471C6CA009739DB /* Kode4KidsTests.swift */; };
		7FD1D72D2471C6CA009739DB /* Kode4KidsUITests.swift in Sources */ = {isa = PBXBuildFile; fileRef = 7FD1D72C2471C6CA009739DB /* Kode4KidsUITests.swift */; };
		7FE2D736247486ED006A954F /* RegisterViewController.swift in Sources */ = {isa = PBXBuildFile; fileRef = 7FE2D735247486ED006A954F /* RegisterViewController.swift */; };
		7FE2D73824748708006A954F /* LoginViewController.swift in Sources */ = {isa = PBXBuildFile; fileRef = 7FE2D73724748708006A954F /* LoginViewController.swift */; };
		7FE2D73A2474871A006A954F /* HomeViewController.swift in Sources */ = {isa = PBXBuildFile; fileRef = 7FE2D7392474871A006A954F /* HomeViewController.swift */; };
		7FE47342248FA78900B2A84B /* ResetViewController.swift in Sources */ = {isa = PBXBuildFile; fileRef = 7FE47341248FA78900B2A84B /* ResetViewController.swift */; };
		8E8FB73B1A27CECFCE4DF663 /* Pods_Kode4Kids.framework in Frameworks */ = {isa = PBXBuildFile; fileRef = BE67C18C69859D017107C8E5 /* Pods_Kode4Kids.framework */; };
		93B5F7FAD9B5F038E39BB947 /* Pods_Kode4Kids_Kode4KidsUITests.framework in Frameworks */ = {isa = PBXBuildFile; fileRef = 9261A5B8FEF2E2071769A6D8 /* Pods_Kode4Kids_Kode4KidsUITests.framework */; };
/* End PBXBuildFile section */

/* Begin PBXContainerItemProxy section */
		7FD1D71E2471C6CA009739DB /* PBXContainerItemProxy */ = {
			isa = PBXContainerItemProxy;
			containerPortal = 7FD1D6FF2471C6C8009739DB /* Project object */;
			proxyType = 1;
			remoteGlobalIDString = 7FD1D7062471C6C8009739DB;
			remoteInfo = Kode4Kids;
		};
		7FD1D7292471C6CA009739DB /* PBXContainerItemProxy */ = {
			isa = PBXContainerItemProxy;
			containerPortal = 7FD1D6FF2471C6C8009739DB /* Project object */;
			proxyType = 1;
			remoteGlobalIDString = 7FD1D7062471C6C8009739DB;
			remoteInfo = Kode4Kids;
		};
/* End PBXContainerItemProxy section */

/* Begin PBXFileReference section */
		10F431729217EEDEBEC0042C /* Pods-Kode4KidsTests.release.xcconfig */ = {isa = PBXFileReference; includeInIndex = 1; lastKnownFileType = text.xcconfig; name = "Pods-Kode4KidsTests.release.xcconfig"; path = "Target Support Files/Pods-Kode4KidsTests/Pods-Kode4KidsTests.release.xcconfig"; sourceTree = "<group>"; };
		1AC5EF1E002E08B8FDA76CA9 /* Pods_Kode4KidsTests.framework */ = {isa = PBXFileReference; explicitFileType = wrapper.framework; includeInIndex = 0; path = Pods_Kode4KidsTests.framework; sourceTree = BUILT_PRODUCTS_DIR; };
		1C433AAF249ACCE3008977F2 /* ProfileViewController.swift */ = {isa = PBXFileReference; lastKnownFileType = sourcecode.swift; path = ProfileViewController.swift; sourceTree = "<group>"; };
		1C433AB1249ACD3C008977F2 /* SubjectsViewController.swift */ = {isa = PBXFileReference; lastKnownFileType = sourcecode.swift; path = SubjectsViewController.swift; sourceTree = "<group>"; };
		1C433AB3249ACD60008977F2 /* NotesViewController.swift */ = {isa = PBXFileReference; lastKnownFileType = sourcecode.swift; path = NotesViewController.swift; sourceTree = "<group>"; };
		1C433AB5249ACD8A008977F2 /* ForumViewController.swift */ = {isa = PBXFileReference; lastKnownFileType = sourcecode.swift; path = ForumViewController.swift; sourceTree = "<group>"; };
		1C433AB7249ACDAA008977F2 /* AboutUsViewController.swift */ = {isa = PBXFileReference; lastKnownFileType = sourcecode.swift; path = AboutUsViewController.swift; sourceTree = "<group>"; };
		1C433AB9249ACDC3008977F2 /* NewsViewController.swift */ = {isa = PBXFileReference; lastKnownFileType = sourcecode.swift; path = NewsViewController.swift; sourceTree = "<group>"; };
		1C433ABB249ACE2A008977F2 /* SettingsViewController.swift */ = {isa = PBXFileReference; lastKnownFileType = sourcecode.swift; path = SettingsViewController.swift; sourceTree = "<group>"; };
		1C85D86624A5AA9A00EC78A7 /* IntrotoCSViewController.swift */ = {isa = PBXFileReference; lastKnownFileType = sourcecode.swift; path = IntrotoCSViewController.swift; sourceTree = "<group>"; };
		1C85D86A24AE270C00EC78A7 /* OneViewController.swift */ = {isa = PBXFileReference; lastKnownFileType = sourcecode.swift; path = OneViewController.swift; sourceTree = "<group>"; };
		1C85D86E24AE29BC00EC78A7 /* ThreeViewController.swift */ = {isa = PBXFileReference; lastKnownFileType = sourcecode.swift; path = ThreeViewController.swift; sourceTree = "<group>"; };
		1C85D87024AE2AC100EC78A7 /* TwoViewController.swift */ = {isa = PBXFileReference; lastKnownFileType = sourcecode.swift; path = TwoViewController.swift; sourceTree = "<group>"; };
		1C85D87224AE2AD400EC78A7 /* FourViewController.swift */ = {isa = PBXFileReference; lastKnownFileType = sourcecode.swift; path = FourViewController.swift; sourceTree = "<group>"; };
		1C85D87424AE2B0800EC78A7 /* FiveViewController.swift */ = {isa = PBXFileReference; lastKnownFileType = sourcecode.swift; path = FiveViewController.swift; sourceTree = "<group>"; };
		1C85D87824AE2B4800EC78A7 /* SevenViewController.swift */ = {isa = PBXFileReference; lastKnownFileType = sourcecode.swift; path = SevenViewController.swift; sourceTree = "<group>"; };
		1C85D87A24AE2B8F00EC78A7 /* EightViewController.swift */ = {isa = PBXFileReference; lastKnownFileType = sourcecode.swift; path = EightViewController.swift; sourceTree = "<group>"; };
		1C85D87C24AE2BF400EC78A7 /* NineViewController.swift */ = {isa = PBXFileReference; lastKnownFileType = sourcecode.swift; path = NineViewController.swift; sourceTree = "<group>"; };
		1C85D87E24AE2C2B00EC78A7 /* TenViewController.swift */ = {isa = PBXFileReference; lastKnownFileType = sourcecode.swift; path = TenViewController.swift; sourceTree = "<group>"; };
		1C85D88024AE2C4600EC78A7 /* ElevenViewController.swift */ = {isa = PBXFileReference; lastKnownFileType = sourcecode.swift; path = ElevenViewController.swift; sourceTree = "<group>"; };
		1C85D88224AE2C9700EC78A7 /* TwelveViewController.swift */ = {isa = PBXFileReference; lastKnownFileType = sourcecode.swift; path = TwelveViewController.swift; sourceTree = "<group>"; };
		1C85D88424AE2CD600EC78A7 /* ThirteenViewController.swift */ = {isa = PBXFileReference; lastKnownFileType = sourcecode.swift; path = ThirteenViewController.swift; sourceTree = "<group>"; };
		1C85D88624AE2D5800EC78A7 /* FourteenViewController.swift */ = {isa = PBXFileReference; lastKnownFileType = sourcecode.swift; path = FourteenViewController.swift; sourceTree = "<group>"; };
		1C85D88824AE2D9B00EC78A7 /* FifteenViewController.swift */ = {isa = PBXFileReference; lastKnownFileType = sourcecode.swift; path = FifteenViewController.swift; sourceTree = "<group>"; };
		1C85D88A24AE2E0C00EC78A7 /* SixteenViewController.swift */ = {isa = PBXFileReference; lastKnownFileType = sourcecode.swift; path = SixteenViewController.swift; sourceTree = "<group>"; };
		1C85D88C24AE2E6400EC78A7 /* SeventeenViewController.swift */ = {isa = PBXFileReference; lastKnownFileType = sourcecode.swift; path = SeventeenViewController.swift; sourceTree = "<group>"; };
		1C85D88E24AE2E8800EC78A7 /* EighteenViewController.swift */ = {isa = PBXFileReference; lastKnownFileType = sourcecode.swift; path = EighteenViewController.swift; sourceTree = "<group>"; };
		1C85D89024AE2F5600EC78A7 /* NineteenViewController.swift */ = {isa = PBXFileReference; lastKnownFileType = sourcecode.swift; path = NineteenViewController.swift; sourceTree = "<group>"; };
		1C85D89224AE2F6E00EC78A7 /* TwentyViewController.swift */ = {isa = PBXFileReference; lastKnownFileType = sourcecode.swift; path = TwentyViewController.swift; sourceTree = "<group>"; };
		1C85D89424AE302500EC78A7 /* TwentyoneViewController.swift */ = {isa = PBXFileReference; lastKnownFileType = sourcecode.swift; path = TwentyoneViewController.swift; sourceTree = "<group>"; };
		1C85D89624AE305800EC78A7 /* TwentytwoViewController.swift */ = {isa = PBXFileReference; lastKnownFileType = sourcecode.swift; path = TwentytwoViewController.swift; sourceTree = "<group>"; };
		1C85D89824AE307000EC78A7 /* TwentythreeViewController.swift */ = {isa = PBXFileReference; lastKnownFileType = sourcecode.swift; path = TwentythreeViewController.swift; sourceTree = "<group>"; };
		1C85D89C24AE30B700EC78A7 /* TwentyfourViewController.swift */ = {isa = PBXFileReference; lastKnownFileType = sourcecode.swift; path = TwentyfourViewController.swift; sourceTree = "<group>"; };
		1C85D89E24AE30EC00EC78A7 /* TwentyfiveViewController.swift */ = {isa = PBXFileReference; lastKnownFileType = sourcecode.swift; path = TwentyfiveViewController.swift; sourceTree = "<group>"; };
		1C85D8A024AE311400EC78A7 /* TwentysixViewController.swift */ = {isa = PBXFileReference; lastKnownFileType = sourcecode.swift; path = TwentysixViewController.swift; sourceTree = "<group>"; };
		1C85D8A224AE313100EC78A7 /* TwentysevenViewController.swift */ = {isa = PBXFileReference; lastKnownFileType = sourcecode.swift; path = TwentysevenViewController.swift; sourceTree = "<group>"; };
		1C85D8A424AE316800EC78A7 /* TwentyeightViewController.swift */ = {isa = PBXFileReference; lastKnownFileType = sourcecode.swift; path = TwentyeightViewController.swift; sourceTree = "<group>"; };
		1C85D8A624AE322400EC78A7 /* TwentynineViewController.swift */ = {isa = PBXFileReference; lastKnownFileType = sourcecode.swift; path = TwentynineViewController.swift; sourceTree = "<group>"; };
		1C85D8A824AE323A00EC78A7 /* ThirtyViewController.swift */ = {isa = PBXFileReference; lastKnownFileType = sourcecode.swift; path = ThirtyViewController.swift; sourceTree = "<group>"; };
		1C85D8AA24AE32AC00EC78A7 /* ThirtyoneViewController.swift */ = {isa = PBXFileReference; lastKnownFileType = sourcecode.swift; path = ThirtyoneViewController.swift; sourceTree = "<group>"; };
		1C85D8AC24AE32D900EC78A7 /* ThirtytwoViewController.swift */ = {isa = PBXFileReference; lastKnownFileType = sourcecode.swift; path = ThirtytwoViewController.swift; sourceTree = "<group>"; };
		1C85D8AE24AE336D00EC78A7 /* ThirtythreeViewController.swift */ = {isa = PBXFileReference; lastKnownFileType = sourcecode.swift; path = ThirtythreeViewController.swift; sourceTree = "<group>"; };
		1C85D8B024AE33B500EC78A7 /* ThirtyfourViewController.swift */ = {isa = PBXFileReference; lastKnownFileType = sourcecode.swift; path = ThirtyfourViewController.swift; sourceTree = "<group>"; };
		1C85D8B224AE33DF00EC78A7 /* ThirtyfiveViewController.swift */ = {isa = PBXFileReference; lastKnownFileType = sourcecode.swift; path = ThirtyfiveViewController.swift; sourceTree = "<group>"; };
		1C85D8B424AE341C00EC78A7 /* ThirtysixViewController.swift */ = {isa = PBXFileReference; lastKnownFileType = sourcecode.swift; path = ThirtysixViewController.swift; sourceTree = "<group>"; };
		1C85D8B624AE349200EC78A7 /* ThirtysevenViewController.swift */ = {isa = PBXFileReference; lastKnownFileType = sourcecode.swift; path = ThirtysevenViewController.swift; sourceTree = "<group>"; };
		1C85D8B824AE34E000EC78A7 /* ThirtyeightViewController.swift */ = {isa = PBXFileReference; lastKnownFileType = sourcecode.swift; path = ThirtyeightViewController.swift; sourceTree = "<group>"; };
		1C85D8BA24AE34F600EC78A7 /* ThirtynineViewController.swift */ = {isa = PBXFileReference; lastKnownFileType = sourcecode.swift; path = ThirtynineViewController.swift; sourceTree = "<group>"; };
		1C85D8BC24AE350E00EC78A7 /* FortyViewController.swift */ = {isa = PBXFileReference; lastKnownFileType = sourcecode.swift; path = FortyViewController.swift; sourceTree = "<group>"; };
		1C85D8BE24AE362200EC78A7 /* FortyoneViewController.swift */ = {isa = PBXFileReference; lastKnownFileType = sourcecode.swift; path = FortyoneViewController.swift; sourceTree = "<group>"; };
		1C85D8C024AE363F00EC78A7 /* FortytwoViewController.swift */ = {isa = PBXFileReference; lastKnownFileType = sourcecode.swift; path = FortytwoViewController.swift; sourceTree = "<group>"; };
		1C85D8C224AE365400EC78A7 /* FortythreeViewController.swift */ = {isa = PBXFileReference; lastKnownFileType = sourcecode.swift; path = FortythreeViewController.swift; sourceTree = "<group>"; };
		1C85D8C424AE366800EC78A7 /* FortyfourViewController.swift */ = {isa = PBXFileReference; lastKnownFileType = sourcecode.swift; path = FortyfourViewController.swift; sourceTree = "<group>"; };
		1C85D8C624AE367D00EC78A7 /* FortyfiveViewController.swift */ = {isa = PBXFileReference; lastKnownFileType = sourcecode.swift; path = FortyfiveViewController.swift; sourceTree = "<group>"; };
		1C85D8C824AE369700EC78A7 /* FortysixViewController.swift */ = {isa = PBXFileReference; lastKnownFileType = sourcecode.swift; path = FortysixViewController.swift; sourceTree = "<group>"; };
		1C85D8CA24AE36B000EC78A7 /* FortysevenViewController.swift */ = {isa = PBXFileReference; lastKnownFileType = sourcecode.swift; path = FortysevenViewController.swift; sourceTree = "<group>"; };
		1C85D8CC24AE36C300EC78A7 /* FortyeightViewController.swift */ = {isa = PBXFileReference; lastKnownFileType = sourcecode.swift; path = FortyeightViewController.swift; sourceTree = "<group>"; };
		1C85D8CE24AE36D400EC78A7 /* FortynineViewController.swift */ = {isa = PBXFileReference; lastKnownFileType = sourcecode.swift; path = FortynineViewController.swift; sourceTree = "<group>"; };
		1C85D8D024AE373400EC78A7 /* FiftyViewController.swift */ = {isa = PBXFileReference; lastKnownFileType = sourcecode.swift; path = FiftyViewController.swift; sourceTree = "<group>"; };
		1C85D8D224AE375200EC78A7 /* FiftyoneViewController.swift */ = {isa = PBXFileReference; lastKnownFileType = sourcecode.swift; path = FiftyoneViewController.swift; sourceTree = "<group>"; };
		1C85D8D424AE378100EC78A7 /* FiftytwoViewController.swift */ = {isa = PBXFileReference; lastKnownFileType = sourcecode.swift; path = FiftytwoViewController.swift; sourceTree = "<group>"; };
		1C85D8D624AE37C000EC78A7 /* FiftythreeViewController.swift */ = {isa = PBXFileReference; lastKnownFileType = sourcecode.swift; path = FiftythreeViewController.swift; sourceTree = "<group>"; };
		1C85D8D824AE37DF00EC78A7 /* FiftyfourViewController.swift */ = {isa = PBXFileReference; lastKnownFileType = sourcecode.swift; path = FiftyfourViewController.swift; sourceTree = "<group>"; };
		1C85D8DA24AE37F700EC78A7 /* FiftyfiveViewController.swift */ = {isa = PBXFileReference; lastKnownFileType = sourcecode.swift; path = FiftyfiveViewController.swift; sourceTree = "<group>"; };
		1C85D8DC24AE380E00EC78A7 /* FiftysixViewController.swift */ = {isa = PBXFileReference; lastKnownFileType = sourcecode.swift; path = FiftysixViewController.swift; sourceTree = "<group>"; };
		1C85D8E024AFD8DB00EC78A7 /* ProgrammingViewController.swift */ = {isa = PBXFileReference; lastKnownFileType = sourcecode.swift; path = ProgrammingViewController.swift; sourceTree = "<group>"; };
		1C85D8E224AFD92A00EC78A7 /* WebDevViewController.swift */ = {isa = PBXFileReference; lastKnownFileType = sourcecode.swift; path = WebDevViewController.swift; sourceTree = "<group>"; };
		1C85D8E424AFD97C00EC78A7 /* MADViewController.swift */ = {isa = PBXFileReference; lastKnownFileType = sourcecode.swift; path = MADViewController.swift; sourceTree = "<group>"; };
		1C85D8E624AFD9A200EC78A7 /* CloudCViewController.swift */ = {isa = PBXFileReference; lastKnownFileType = sourcecode.swift; path = CloudCViewController.swift; sourceTree = "<group>"; };
		1C85D8E824AFD9C100EC78A7 /* DatabasesViewController.swift */ = {isa = PBXFileReference; lastKnownFileType = sourcecode.swift; path = DatabasesViewController.swift; sourceTree = "<group>"; };
		1C85D8EA24AFDA0E00EC78A7 /* GameDevViewController.swift */ = {isa = PBXFileReference; lastKnownFileType = sourcecode.swift; path = GameDevViewController.swift; sourceTree = "<group>"; };
		1C85D8EC24B1212E00EC78A7 /* WebDViewController.swift */ = {isa = PBXFileReference; lastKnownFileType = sourcecode.swift; path = WebDViewController.swift; sourceTree = "<group>"; };
		1C85D8EE24B132DD00EC78A7 /* SixViewController.swift */ = {isa = PBXFileReference; lastKnownFileType = sourcecode.swift; path = SixViewController.swift; sourceTree = "<group>"; };
		1E58B2BCEA2D2AE164E867D3 /* Pods-Kode4Kids.debug.xcconfig */ = {isa = PBXFileReference; includeInIndex = 1; lastKnownFileType = text.xcconfig; name = "Pods-Kode4Kids.debug.xcconfig"; path = "Target Support Files/Pods-Kode4Kids/Pods-Kode4Kids.debug.xcconfig"; sourceTree = "<group>"; };
		3AB115DD4E266FC864B7977B /* Pods-Kode4Kids-Kode4KidsUITests.debug.xcconfig */ = {isa = PBXFileReference; includeInIndex = 1; lastKnownFileType = text.xcconfig; name = "Pods-Kode4Kids-Kode4KidsUITests.debug.xcconfig"; path = "Target Support Files/Pods-Kode4Kids-Kode4KidsUITests/Pods-Kode4Kids-Kode4KidsUITests.debug.xcconfig"; sourceTree = "<group>"; };
		7F035EDC2475580100E3EFAA /* Utilities.swift */ = {isa = PBXFileReference; fileEncoding = 4; lastKnownFileType = sourcecode.swift; path = Utilities.swift; sourceTree = "<group>"; };
		7F4FE22024755EA000A287F5 /* Kode4KidsLogo.png */ = {isa = PBXFileReference; lastKnownFileType = image.png; path = Kode4KidsLogo.png; sourceTree = "<group>"; };
		7F4FE2282475648400A287F5 /* GoogleService-Info.plist */ = {isa = PBXFileReference; fileEncoding = 4; lastKnownFileType = text.plist.xml; path = "GoogleService-Info.plist"; sourceTree = "<group>"; };
		7F59B63424AA3EF6004E3766 /* Twitter logo.png */ = {isa = PBXFileReference; lastKnownFileType = image.png; path = "Twitter logo.png"; sourceTree = "<group>"; };
		7F59B63824AA3F0C004E3766 /* YT logo.png */ = {isa = PBXFileReference; lastKnownFileType = image.png; path = "YT logo.png"; sourceTree = "<group>"; };
		7F75719224A9FC58003080FB /* Insta logo.png */ = {isa = PBXFileReference; lastKnownFileType = image.png; path = "Insta logo.png"; sourceTree = "<group>"; };
		7F75719624AA0C24003080FB /* Settings.bundle */ = {isa = PBXFileReference; lastKnownFileType = "wrapper.plug-in"; path = Settings.bundle; sourceTree = "<group>"; };
		7F8B5B58249943860015382D /* Service.swift */ = {isa = PBXFileReference; lastKnownFileType = sourcecode.swift; path = Service.swift; sourceTree = "<group>"; };
		7FA7F44224780F8A003DA822 /* Constants.swift */ = {isa = PBXFileReference; lastKnownFileType = sourcecode.swift; path = Constants.swift; sourceTree = "<group>"; };
		7FD1D7072471C6C8009739DB /* Kode4Kids.app */ = {isa = PBXFileReference; explicitFileType = wrapper.application; includeInIndex = 0; path = Kode4Kids.app; sourceTree = BUILT_PRODUCTS_DIR; };
		7FD1D70A2471C6C8009739DB /* AppDelegate.swift */ = {isa = PBXFileReference; lastKnownFileType = sourcecode.swift; path = AppDelegate.swift; sourceTree = "<group>"; };
		7FD1D70C2471C6C8009739DB /* SceneDelegate.swift */ = {isa = PBXFileReference; lastKnownFileType = sourcecode.swift; path = SceneDelegate.swift; sourceTree = "<group>"; };
		7FD1D70E2471C6C8009739DB /* ViewController.swift */ = {isa = PBXFileReference; lastKnownFileType = sourcecode.swift; path = ViewController.swift; sourceTree = "<group>"; };
		7FD1D7112471C6C8009739DB /* Base */ = {isa = PBXFileReference; lastKnownFileType = file.storyboard; name = Base; path = Base.lproj/Main.storyboard; sourceTree = "<group>"; };
		7FD1D7132471C6CA009739DB /* Assets.xcassets */ = {isa = PBXFileReference; lastKnownFileType = folder.assetcatalog; path = Assets.xcassets; sourceTree = "<group>"; };
		7FD1D7162471C6CA009739DB /* Base */ = {isa = PBXFileReference; lastKnownFileType = file.storyboard; name = Base; path = Base.lproj/LaunchScreen.storyboard; sourceTree = "<group>"; };
		7FD1D7182471C6CA009739DB /* Info.plist */ = {isa = PBXFileReference; lastKnownFileType = text.plist.xml; path = Info.plist; sourceTree = "<group>"; };
		7FD1D71D2471C6CA009739DB /* Kode4KidsTests.xctest */ = {isa = PBXFileReference; explicitFileType = wrapper.cfbundle; includeInIndex = 0; path = Kode4KidsTests.xctest; sourceTree = BUILT_PRODUCTS_DIR; };
		7FD1D7212471C6CA009739DB /* Kode4KidsTests.swift */ = {isa = PBXFileReference; lastKnownFileType = sourcecode.swift; path = Kode4KidsTests.swift; sourceTree = "<group>"; };
		7FD1D7232471C6CA009739DB /* Info.plist */ = {isa = PBXFileReference; lastKnownFileType = text.plist.xml; path = Info.plist; sourceTree = "<group>"; };
		7FD1D7282471C6CA009739DB /* Kode4KidsUITests.xctest */ = {isa = PBXFileReference; explicitFileType = wrapper.cfbundle; includeInIndex = 0; path = Kode4KidsUITests.xctest; sourceTree = BUILT_PRODUCTS_DIR; };
		7FD1D72C2471C6CA009739DB /* Kode4KidsUITests.swift */ = {isa = PBXFileReference; lastKnownFileType = sourcecode.swift; path = Kode4KidsUITests.swift; sourceTree = "<group>"; };
		7FD1D72E2471C6CA009739DB /* Info.plist */ = {isa = PBXFileReference; lastKnownFileType = text.plist.xml; path = Info.plist; sourceTree = "<group>"; };
		7FE2D735247486ED006A954F /* RegisterViewController.swift */ = {isa = PBXFileReference; lastKnownFileType = sourcecode.swift; path = RegisterViewController.swift; sourceTree = "<group>"; };
		7FE2D73724748708006A954F /* LoginViewController.swift */ = {isa = PBXFileReference; lastKnownFileType = sourcecode.swift; path = LoginViewController.swift; sourceTree = "<group>"; };
		7FE2D7392474871A006A954F /* HomeViewController.swift */ = {isa = PBXFileReference; lastKnownFileType = sourcecode.swift; path = HomeViewController.swift; sourceTree = "<group>"; };
		7FE47341248FA78900B2A84B /* ResetViewController.swift */ = {isa = PBXFileReference; lastKnownFileType = sourcecode.swift; path = ResetViewController.swift; sourceTree = "<group>"; };
		9261A5B8FEF2E2071769A6D8 /* Pods_Kode4Kids_Kode4KidsUITests.framework */ = {isa = PBXFileReference; explicitFileType = wrapper.framework; includeInIndex = 0; path = Pods_Kode4Kids_Kode4KidsUITests.framework; sourceTree = BUILT_PRODUCTS_DIR; };
		BE67C18C69859D017107C8E5 /* Pods_Kode4Kids.framework */ = {isa = PBXFileReference; explicitFileType = wrapper.framework; includeInIndex = 0; path = Pods_Kode4Kids.framework; sourceTree = BUILT_PRODUCTS_DIR; };
		C32CBB4D9FFA283C659C533E /* Pods-Kode4KidsTests.debug.xcconfig */ = {isa = PBXFileReference; includeInIndex = 1; lastKnownFileType = text.xcconfig; name = "Pods-Kode4KidsTests.debug.xcconfig"; path = "Target Support Files/Pods-Kode4KidsTests/Pods-Kode4KidsTests.debug.xcconfig"; sourceTree = "<group>"; };
		CA6702B6EECEE181E4027005 /* Pods-Kode4Kids-Kode4KidsUITests.release.xcconfig */ = {isa = PBXFileReference; includeInIndex = 1; lastKnownFileType = text.xcconfig; name = "Pods-Kode4Kids-Kode4KidsUITests.release.xcconfig"; path = "Target Support Files/Pods-Kode4Kids-Kode4KidsUITests/Pods-Kode4Kids-Kode4KidsUITests.release.xcconfig"; sourceTree = "<group>"; };
		F38F78F42A9747F2C926FD4B /* Pods-Kode4Kids.release.xcconfig */ = {isa = PBXFileReference; includeInIndex = 1; lastKnownFileType = text.xcconfig; name = "Pods-Kode4Kids.release.xcconfig"; path = "Target Support Files/Pods-Kode4Kids/Pods-Kode4Kids.release.xcconfig"; sourceTree = "<group>"; };
/* End PBXFileReference section */

/* Begin PBXFrameworksBuildPhase section */
		7FD1D7042471C6C8009739DB /* Frameworks */ = {
			isa = PBXFrameworksBuildPhase;
			buildActionMask = 2147483647;
			files = (
				8E8FB73B1A27CECFCE4DF663 /* Pods_Kode4Kids.framework in Frameworks */,
			);
			runOnlyForDeploymentPostprocessing = 0;
		};
		7FD1D71A2471C6CA009739DB /* Frameworks */ = {
			isa = PBXFrameworksBuildPhase;
			buildActionMask = 2147483647;
			files = (
				682226AA91FBC1CF9B8D0463 /* Pods_Kode4KidsTests.framework in Frameworks */,
			);
			runOnlyForDeploymentPostprocessing = 0;
		};
		7FD1D7252471C6CA009739DB /* Frameworks */ = {
			isa = PBXFrameworksBuildPhase;
			buildActionMask = 2147483647;
			files = (
				93B5F7FAD9B5F038E39BB947 /* Pods_Kode4Kids_Kode4KidsUITests.framework in Frameworks */,
			);
			runOnlyForDeploymentPostprocessing = 0;
		};
/* End PBXFrameworksBuildPhase section */

/* Begin PBXGroup section */
		1AA731A6076FC1FA3E5DB8D2 /* Frameworks */ = {
			isa = PBXGroup;
			children = (
				BE67C18C69859D017107C8E5 /* Pods_Kode4Kids.framework */,
				9261A5B8FEF2E2071769A6D8 /* Pods_Kode4Kids_Kode4KidsUITests.framework */,
				1AC5EF1E002E08B8FDA76CA9 /* Pods_Kode4KidsTests.framework */,
			);
			name = Frameworks;
			sourceTree = "<group>";
		};
		7F035EDE2475580700E3EFAA /* Helpers */ = {
			isa = PBXGroup;
			children = (
				7F035EDC2475580100E3EFAA /* Utilities.swift */,
				7FA7F44224780F8A003DA822 /* Constants.swift */,
				7F8B5B58249943860015382D /* Service.swift */,
			);
			name = Helpers;
			path = ../Helpers;
			sourceTree = "<group>";
		};
		7F4FE21E24755E7E00A287F5 /* Images */ = {
			isa = PBXGroup;
			children = (
				7F59B63824AA3F0C004E3766 /* YT logo.png */,
				7F4FE22024755EA000A287F5 /* Kode4KidsLogo.png */,
				7F59B63424AA3EF6004E3766 /* Twitter logo.png */,
				7F75719224A9FC58003080FB /* Insta logo.png */,
			);
			path = Images;
			sourceTree = "<group>";
		};
		7FD1D6FE2471C6C8009739DB = {
			isa = PBXGroup;
			children = (
				7FD1D7092471C6C8009739DB /* Kode4Kids */,
				7FD1D7202471C6CA009739DB /* Kode4KidsTests */,
				7FD1D72B2471C6CA009739DB /* Kode4KidsUITests */,
				7FD1D7082471C6C8009739DB /* Products */,
				8F901F4ED363D4D9E41AA761 /* Pods */,
				1AA731A6076FC1FA3E5DB8D2 /* Frameworks */,
			);
			sourceTree = "<group>";
		};
		7FD1D7082471C6C8009739DB /* Products */ = {
			isa = PBXGroup;
			children = (
				7FD1D7072471C6C8009739DB /* Kode4Kids.app */,
				7FD1D71D2471C6CA009739DB /* Kode4KidsTests.xctest */,
				7FD1D7282471C6CA009739DB /* Kode4KidsUITests.xctest */,
			);
			name = Products;
			sourceTree = "<group>";
		};
		7FD1D7092471C6C8009739DB /* Kode4Kids */ = {
			isa = PBXGroup;
			children = (
				7F4FE21E24755E7E00A287F5 /* Images */,
				7FE2D73B2474871C006A954F /* View Controllers */,
				7FD1D70A2471C6C8009739DB /* AppDelegate.swift */,
				7FD1D70C2471C6C8009739DB /* SceneDelegate.swift */,
				7FD1D7102471C6C8009739DB /* Main.storyboard */,
				7FD1D7132471C6CA009739DB /* Assets.xcassets */,
				7FD1D7152471C6CA009739DB /* LaunchScreen.storyboard */,
				7FD1D7182471C6CA009739DB /* Info.plist */,
				7F4FE2282475648400A287F5 /* GoogleService-Info.plist */,
				7F75719624AA0C24003080FB /* Settings.bundle */,
			);
			path = Kode4Kids;
			sourceTree = "<group>";
		};
		7FD1D7202471C6CA009739DB /* Kode4KidsTests */ = {
			isa = PBXGroup;
			children = (
				7FD1D7212471C6CA009739DB /* Kode4KidsTests.swift */,
				7FD1D7232471C6CA009739DB /* Info.plist */,
			);
			path = Kode4KidsTests;
			sourceTree = "<group>";
		};
		7FD1D72B2471C6CA009739DB /* Kode4KidsUITests */ = {
			isa = PBXGroup;
			children = (
				7FD1D72C2471C6CA009739DB /* Kode4KidsUITests.swift */,
				7FD1D72E2471C6CA009739DB /* Info.plist */,
			);
			path = Kode4KidsUITests;
			sourceTree = "<group>";
		};
		7FE2D73B2474871C006A954F /* View Controllers */ = {
			isa = PBXGroup;
			children = (
				7FD1D70E2471C6C8009739DB /* ViewController.swift */,
				7FE2D735247486ED006A954F /* RegisterViewController.swift */,
				7FE2D73724748708006A954F /* LoginViewController.swift */,
				7FE2D7392474871A006A954F /* HomeViewController.swift */,
				7FE47341248FA78900B2A84B /* ResetViewController.swift */,
				1C433AAF249ACCE3008977F2 /* ProfileViewController.swift */,
				1C433AB1249ACD3C008977F2 /* SubjectsViewController.swift */,
				1C433AB3249ACD60008977F2 /* NotesViewController.swift */,
				1C433AB5249ACD8A008977F2 /* ForumViewController.swift */,
				1C433AB7249ACDAA008977F2 /* AboutUsViewController.swift */,
				1C433AB9249ACDC3008977F2 /* NewsViewController.swift */,
				1C433ABB249ACE2A008977F2 /* SettingsViewController.swift */,
				1C85D86624A5AA9A00EC78A7 /* IntrotoCSViewController.swift */,
				1C85D8EC24B1212E00EC78A7 /* WebDViewController.swift */,
				1C85D8E024AFD8DB00EC78A7 /* ProgrammingViewController.swift */,
				1C85D8E224AFD92A00EC78A7 /* WebDevViewController.swift */,
				1C85D8E424AFD97C00EC78A7 /* MADViewController.swift */,
				1C85D8E624AFD9A200EC78A7 /* CloudCViewController.swift */,
				1C85D8E824AFD9C100EC78A7 /* DatabasesViewController.swift */,
				1C85D8EA24AFDA0E00EC78A7 /* GameDevViewController.swift */,
				1C85D86A24AE270C00EC78A7 /* OneViewController.swift */,
				1C85D87024AE2AC100EC78A7 /* TwoViewController.swift */,
				1C85D86E24AE29BC00EC78A7 /* ThreeViewController.swift */,
				1C85D87224AE2AD400EC78A7 /* FourViewController.swift */,
				1C85D87424AE2B0800EC78A7 /* FiveViewController.swift */,
				1C85D8EE24B132DD00EC78A7 /* SixViewController.swift */,
				1C85D87824AE2B4800EC78A7 /* SevenViewController.swift */,
				1C85D87A24AE2B8F00EC78A7 /* EightViewController.swift */,
				1C85D87C24AE2BF400EC78A7 /* NineViewController.swift */,
				1C85D87E24AE2C2B00EC78A7 /* TenViewController.swift */,
				1C85D88024AE2C4600EC78A7 /* ElevenViewController.swift */,
				1C85D88224AE2C9700EC78A7 /* TwelveViewController.swift */,
				1C85D88424AE2CD600EC78A7 /* ThirteenViewController.swift */,
				1C85D88624AE2D5800EC78A7 /* FourteenViewController.swift */,
				1C85D88824AE2D9B00EC78A7 /* FifteenViewController.swift */,
				1C85D88A24AE2E0C00EC78A7 /* SixteenViewController.swift */,
				1C85D88C24AE2E6400EC78A7 /* SeventeenViewController.swift */,
				1C85D88E24AE2E8800EC78A7 /* EighteenViewController.swift */,
				1C85D89024AE2F5600EC78A7 /* NineteenViewController.swift */,
				1C85D89224AE2F6E00EC78A7 /* TwentyViewController.swift */,
				1C85D89424AE302500EC78A7 /* TwentyoneViewController.swift */,
				1C85D89624AE305800EC78A7 /* TwentytwoViewController.swift */,
				1C85D89824AE307000EC78A7 /* TwentythreeViewController.swift */,
				1C85D89C24AE30B700EC78A7 /* TwentyfourViewController.swift */,
				1C85D89E24AE30EC00EC78A7 /* TwentyfiveViewController.swift */,
				1C85D8A024AE311400EC78A7 /* TwentysixViewController.swift */,
				1C85D8A224AE313100EC78A7 /* TwentysevenViewController.swift */,
				1C85D8A424AE316800EC78A7 /* TwentyeightViewController.swift */,
				1C85D8A624AE322400EC78A7 /* TwentynineViewController.swift */,
				1C85D8A824AE323A00EC78A7 /* ThirtyViewController.swift */,
				1C85D8AA24AE32AC00EC78A7 /* ThirtyoneViewController.swift */,
				1C85D8AC24AE32D900EC78A7 /* ThirtytwoViewController.swift */,
				1C85D8AE24AE336D00EC78A7 /* ThirtythreeViewController.swift */,
				1C85D8B024AE33B500EC78A7 /* ThirtyfourViewController.swift */,
				1C85D8B224AE33DF00EC78A7 /* ThirtyfiveViewController.swift */,
				1C85D8B424AE341C00EC78A7 /* ThirtysixViewController.swift */,
				1C85D8B624AE349200EC78A7 /* ThirtysevenViewController.swift */,
				1C85D8B824AE34E000EC78A7 /* ThirtyeightViewController.swift */,
				1C85D8BA24AE34F600EC78A7 /* ThirtynineViewController.swift */,
				1C85D8BC24AE350E00EC78A7 /* FortyViewController.swift */,
				1C85D8BE24AE362200EC78A7 /* FortyoneViewController.swift */,
				1C85D8C024AE363F00EC78A7 /* FortytwoViewController.swift */,
				1C85D8C224AE365400EC78A7 /* FortythreeViewController.swift */,
				1C85D8C424AE366800EC78A7 /* FortyfourViewController.swift */,
				1C85D8C624AE367D00EC78A7 /* FortyfiveViewController.swift */,
				1C85D8C824AE369700EC78A7 /* FortysixViewController.swift */,
				1C85D8CA24AE36B000EC78A7 /* FortysevenViewController.swift */,
				1C85D8CC24AE36C300EC78A7 /* FortyeightViewController.swift */,
				1C85D8CE24AE36D400EC78A7 /* FortynineViewController.swift */,
				1C85D8D024AE373400EC78A7 /* FiftyViewController.swift */,
				1C85D8D224AE375200EC78A7 /* FiftyoneViewController.swift */,
				1C85D8D424AE378100EC78A7 /* FiftytwoViewController.swift */,
				1C85D8D624AE37C000EC78A7 /* FiftythreeViewController.swift */,
				1C85D8D824AE37DF00EC78A7 /* FiftyfourViewController.swift */,
				1C85D8DA24AE37F700EC78A7 /* FiftyfiveViewController.swift */,
				1C85D8DC24AE380E00EC78A7 /* FiftysixViewController.swift */,
				7F035EDE2475580700E3EFAA /* Helpers */,
			);
			path = "View Controllers";
			sourceTree = "<group>";
		};
		8F901F4ED363D4D9E41AA761 /* Pods */ = {
			isa = PBXGroup;
			children = (
				1E58B2BCEA2D2AE164E867D3 /* Pods-Kode4Kids.debug.xcconfig */,
				F38F78F42A9747F2C926FD4B /* Pods-Kode4Kids.release.xcconfig */,
				3AB115DD4E266FC864B7977B /* Pods-Kode4Kids-Kode4KidsUITests.debug.xcconfig */,
				CA6702B6EECEE181E4027005 /* Pods-Kode4Kids-Kode4KidsUITests.release.xcconfig */,
				C32CBB4D9FFA283C659C533E /* Pods-Kode4KidsTests.debug.xcconfig */,
				10F431729217EEDEBEC0042C /* Pods-Kode4KidsTests.release.xcconfig */,
			);
			path = Pods;
			sourceTree = "<group>";
		};
/* End PBXGroup section */

/* Begin PBXNativeTarget section */
		7FD1D7062471C6C8009739DB /* Kode4Kids */ = {
			isa = PBXNativeTarget;
			buildConfigurationList = 7FD1D7312471C6CA009739DB /* Build configuration list for PBXNativeTarget "Kode4Kids" */;
			buildPhases = (
				4643E859BF1A064F016175F9 /* [CP] Check Pods Manifest.lock */,
				7FD1D7032471C6C8009739DB /* Sources */,
				7FD1D7042471C6C8009739DB /* Frameworks */,
				7FD1D7052471C6C8009739DB /* Resources */,
				A8FD7D48DE91AE5208E36A6D /* [CP] Embed Pods Frameworks */,
			);
			buildRules = (
			);
			dependencies = (
			);
			name = Kode4Kids;
			productName = Kode4Kids;
			productReference = 7FD1D7072471C6C8009739DB /* Kode4Kids.app */;
			productType = "com.apple.product-type.application";
		};
		7FD1D71C2471C6CA009739DB /* Kode4KidsTests */ = {
			isa = PBXNativeTarget;
			buildConfigurationList = 7FD1D7342471C6CA009739DB /* Build configuration list for PBXNativeTarget "Kode4KidsTests" */;
			buildPhases = (
				A7F5BB8D3FC1B702CE9BD80F /* [CP] Check Pods Manifest.lock */,
				7FD1D7192471C6CA009739DB /* Sources */,
				7FD1D71A2471C6CA009739DB /* Frameworks */,
				7FD1D71B2471C6CA009739DB /* Resources */,
			);
			buildRules = (
			);
			dependencies = (
				7FD1D71F2471C6CA009739DB /* PBXTargetDependency */,
			);
			name = Kode4KidsTests;
			productName = Kode4KidsTests;
			productReference = 7FD1D71D2471C6CA009739DB /* Kode4KidsTests.xctest */;
			productType = "com.apple.product-type.bundle.unit-test";
		};
		7FD1D7272471C6CA009739DB /* Kode4KidsUITests */ = {
			isa = PBXNativeTarget;
			buildConfigurationList = 7FD1D7372471C6CA009739DB /* Build configuration list for PBXNativeTarget "Kode4KidsUITests" */;
			buildPhases = (
				0E16ADCF82DBAF31F3A92980 /* [CP] Check Pods Manifest.lock */,
				7FD1D7242471C6CA009739DB /* Sources */,
				7FD1D7252471C6CA009739DB /* Frameworks */,
				7FD1D7262471C6CA009739DB /* Resources */,
				46E764752ADBB5AAFB97499E /* [CP] Embed Pods Frameworks */,
			);
			buildRules = (
			);
			dependencies = (
				7FD1D72A2471C6CA009739DB /* PBXTargetDependency */,
			);
			name = Kode4KidsUITests;
			productName = Kode4KidsUITests;
			productReference = 7FD1D7282471C6CA009739DB /* Kode4KidsUITests.xctest */;
			productType = "com.apple.product-type.bundle.ui-testing";
		};
/* End PBXNativeTarget section */

/* Begin PBXProject section */
		7FD1D6FF2471C6C8009739DB /* Project object */ = {
			isa = PBXProject;
			attributes = {
				LastSwiftUpdateCheck = 1140;
				LastUpgradeCheck = 1140;
				ORGANIZATIONNAME = Group9;
				TargetAttributes = {
					7FD1D7062471C6C8009739DB = {
						CreatedOnToolsVersion = 11.4.1;
					};
					7FD1D71C2471C6CA009739DB = {
						CreatedOnToolsVersion = 11.4.1;
						TestTargetID = 7FD1D7062471C6C8009739DB;
					};
					7FD1D7272471C6CA009739DB = {
						CreatedOnToolsVersion = 11.4.1;
						TestTargetID = 7FD1D7062471C6C8009739DB;
					};
				};
			};
			buildConfigurationList = 7FD1D7022471C6C8009739DB /* Build configuration list for PBXProject "Kode4Kids" */;
			compatibilityVersion = "Xcode 9.3";
			developmentRegion = en;
			hasScannedForEncodings = 0;
			knownRegions = (
				en,
				Base,
			);
			mainGroup = 7FD1D6FE2471C6C8009739DB;
			productRefGroup = 7FD1D7082471C6C8009739DB /* Products */;
			projectDirPath = "";
			projectRoot = "";
			targets = (
				7FD1D7062471C6C8009739DB /* Kode4Kids */,
				7FD1D71C2471C6CA009739DB /* Kode4KidsTests */,
				7FD1D7272471C6CA009739DB /* Kode4KidsUITests */,
			);
		};
/* End PBXProject section */

/* Begin PBXResourcesBuildPhase section */
		7FD1D7052471C6C8009739DB /* Resources */ = {
			isa = PBXResourcesBuildPhase;
			buildActionMask = 2147483647;
			files = (
				7FD1D7172471C6CA009739DB /* LaunchScreen.storyboard in Resources */,
				7F59B63624AA3EF7004E3766 /* Twitter logo.png in Resources */,
				7F4FE22324755EA000A287F5 /* Kode4KidsLogo.png in Resources */,
				7F4FE2292475648400A287F5 /* GoogleService-Info.plist in Resources */,
				7FD1D7142471C6CA009739DB /* Assets.xcassets in Resources */,
				7F75719324A9FC58003080FB /* Insta logo.png in Resources */,
				7F59B63924AA3F0D004E3766 /* YT logo.png in Resources */,
				7F75719724AA0C24003080FB /* Settings.bundle in Resources */,
				7FD1D7122471C6C8009739DB /* Main.storyboard in Resources */,
			);
			runOnlyForDeploymentPostprocessing = 0;
		};
		7FD1D71B2471C6CA009739DB /* Resources */ = {
			isa = PBXResourcesBuildPhase;
			buildActionMask = 2147483647;
			files = (
			);
			runOnlyForDeploymentPostprocessing = 0;
		};
		7FD1D7262471C6CA009739DB /* Resources */ = {
			isa = PBXResourcesBuildPhase;
			buildActionMask = 2147483647;
			files = (
			);
			runOnlyForDeploymentPostprocessing = 0;
		};
/* End PBXResourcesBuildPhase section */

/* Begin PBXShellScriptBuildPhase section */
		0E16ADCF82DBAF31F3A92980 /* [CP] Check Pods Manifest.lock */ = {
			isa = PBXShellScriptBuildPhase;
			buildActionMask = 2147483647;
			files = (
			);
			inputFileListPaths = (
			);
			inputPaths = (
				"${PODS_PODFILE_DIR_PATH}/Podfile.lock",
				"${PODS_ROOT}/Manifest.lock",
			);
			name = "[CP] Check Pods Manifest.lock";
			outputFileListPaths = (
			);
			outputPaths = (
				"$(DERIVED_FILE_DIR)/Pods-Kode4Kids-Kode4KidsUITests-checkManifestLockResult.txt",
			);
			runOnlyForDeploymentPostprocessing = 0;
			shellPath = /bin/sh;
			shellScript = "diff \"${PODS_PODFILE_DIR_PATH}/Podfile.lock\" \"${PODS_ROOT}/Manifest.lock\" > /dev/null\nif [ $? != 0 ] ; then\n    # print error to STDERR\n    echo \"error: The sandbox is not in sync with the Podfile.lock. Run 'pod install' or update your CocoaPods installation.\" >&2\n    exit 1\nfi\n# This output is used by Xcode 'outputs' to avoid re-running this script phase.\necho \"SUCCESS\" > \"${SCRIPT_OUTPUT_FILE_0}\"\n";
			showEnvVarsInLog = 0;
		};
		4643E859BF1A064F016175F9 /* [CP] Check Pods Manifest.lock */ = {
			isa = PBXShellScriptBuildPhase;
			buildActionMask = 2147483647;
			files = (
			);
			inputFileListPaths = (
			);
			inputPaths = (
				"${PODS_PODFILE_DIR_PATH}/Podfile.lock",
				"${PODS_ROOT}/Manifest.lock",
			);
			name = "[CP] Check Pods Manifest.lock";
			outputFileListPaths = (
			);
			outputPaths = (
				"$(DERIVED_FILE_DIR)/Pods-Kode4Kids-checkManifestLockResult.txt",
			);
			runOnlyForDeploymentPostprocessing = 0;
			shellPath = /bin/sh;
			shellScript = "diff \"${PODS_PODFILE_DIR_PATH}/Podfile.lock\" \"${PODS_ROOT}/Manifest.lock\" > /dev/null\nif [ $? != 0 ] ; then\n    # print error to STDERR\n    echo \"error: The sandbox is not in sync with the Podfile.lock. Run 'pod install' or update your CocoaPods installation.\" >&2\n    exit 1\nfi\n# This output is used by Xcode 'outputs' to avoid re-running this script phase.\necho \"SUCCESS\" > \"${SCRIPT_OUTPUT_FILE_0}\"\n";
			showEnvVarsInLog = 0;
		};
		46E764752ADBB5AAFB97499E /* [CP] Embed Pods Frameworks */ = {
			isa = PBXShellScriptBuildPhase;
			buildActionMask = 2147483647;
			files = (
			);
			inputFileListPaths = (
				"${PODS_ROOT}/Target Support Files/Pods-Kode4Kids-Kode4KidsUITests/Pods-Kode4Kids-Kode4KidsUITests-frameworks-${CONFIGURATION}-input-files.xcfilelist",
			);
			name = "[CP] Embed Pods Frameworks";
			outputFileListPaths = (
				"${PODS_ROOT}/Target Support Files/Pods-Kode4Kids-Kode4KidsUITests/Pods-Kode4Kids-Kode4KidsUITests-frameworks-${CONFIGURATION}-output-files.xcfilelist",
			);
			runOnlyForDeploymentPostprocessing = 0;
			shellPath = /bin/sh;
			shellScript = "\"${PODS_ROOT}/Target Support Files/Pods-Kode4Kids-Kode4KidsUITests/Pods-Kode4Kids-Kode4KidsUITests-frameworks.sh\"\n";
			showEnvVarsInLog = 0;
		};
		A7F5BB8D3FC1B702CE9BD80F /* [CP] Check Pods Manifest.lock */ = {
			isa = PBXShellScriptBuildPhase;
			buildActionMask = 2147483647;
			files = (
			);
			inputFileListPaths = (
			);
			inputPaths = (
				"${PODS_PODFILE_DIR_PATH}/Podfile.lock",
				"${PODS_ROOT}/Manifest.lock",
			);
			name = "[CP] Check Pods Manifest.lock";
			outputFileListPaths = (
			);
			outputPaths = (
				"$(DERIVED_FILE_DIR)/Pods-Kode4KidsTests-checkManifestLockResult.txt",
			);
			runOnlyForDeploymentPostprocessing = 0;
			shellPath = /bin/sh;
			shellScript = "diff \"${PODS_PODFILE_DIR_PATH}/Podfile.lock\" \"${PODS_ROOT}/Manifest.lock\" > /dev/null\nif [ $? != 0 ] ; then\n    # print error to STDERR\n    echo \"error: The sandbox is not in sync with the Podfile.lock. Run 'pod install' or update your CocoaPods installation.\" >&2\n    exit 1\nfi\n# This output is used by Xcode 'outputs' to avoid re-running this script phase.\necho \"SUCCESS\" > \"${SCRIPT_OUTPUT_FILE_0}\"\n";
			showEnvVarsInLog = 0;
		};
		A8FD7D48DE91AE5208E36A6D /* [CP] Embed Pods Frameworks */ = {
			isa = PBXShellScriptBuildPhase;
			buildActionMask = 2147483647;
			files = (
			);
			inputFileListPaths = (
				"${PODS_ROOT}/Target Support Files/Pods-Kode4Kids/Pods-Kode4Kids-frameworks-${CONFIGURATION}-input-files.xcfilelist",
			);
			name = "[CP] Embed Pods Frameworks";
			outputFileListPaths = (
				"${PODS_ROOT}/Target Support Files/Pods-Kode4Kids/Pods-Kode4Kids-frameworks-${CONFIGURATION}-output-files.xcfilelist",
			);
			runOnlyForDeploymentPostprocessing = 0;
			shellPath = /bin/sh;
			shellScript = "\"${PODS_ROOT}/Target Support Files/Pods-Kode4Kids/Pods-Kode4Kids-frameworks.sh\"\n";
			showEnvVarsInLog = 0;
		};
/* End PBXShellScriptBuildPhase section */

/* Begin PBXSourcesBuildPhase section */
		7FD1D7032471C6C8009739DB /* Sources */ = {
			isa = PBXSourcesBuildPhase;
			buildActionMask = 2147483647;
			files = (
				1C85D89524AE302500EC78A7 /* TwentyoneViewController.swift in Sources */,
				1C85D8BD24AE350E00EC78A7 /* FortyViewController.swift in Sources */,
				1C85D86F24AE29BC00EC78A7 /* ThreeViewController.swift in Sources */,
				1C85D8D724AE37C000EC78A7 /* FiftythreeViewController.swift in Sources */,
				1C85D8A124AE311500EC78A7 /* TwentysixViewController.swift in Sources */,
				1C85D8D924AE37DF00EC78A7 /* FiftyfourViewController.swift in Sources */,
				1C85D87524AE2B0800EC78A7 /* FiveViewController.swift in Sources */,
				1C85D8AF24AE336D00EC78A7 /* ThirtythreeViewController.swift in Sources */,
				1C85D88124AE2C4600EC78A7 /* ElevenViewController.swift in Sources */,
				1C85D8ED24B1212E00EC78A7 /* WebDViewController.swift in Sources */,
				1C85D8BF24AE362200EC78A7 /* FortyoneViewController.swift in Sources */,
				7FD1D70F2471C6C8009739DB /* ViewController.swift in Sources */,
				1C85D8D124AE373400EC78A7 /* FiftyViewController.swift in Sources */,
				7FE47342248FA78900B2A84B /* ResetViewController.swift in Sources */,
				1C85D8E524AFD97C00EC78A7 /* MADViewController.swift in Sources */,
				7FD1D70B2471C6C8009739DB /* AppDelegate.swift in Sources */,
				1C85D8DB24AE37F700EC78A7 /* FiftyfiveViewController.swift in Sources */,
				7F035EDD2475580100E3EFAA /* Utilities.swift in Sources */,
				1C85D87B24AE2B8F00EC78A7 /* EightViewController.swift in Sources */,
				1C85D8D524AE378100EC78A7 /* FiftytwoViewController.swift in Sources */,
				1C85D8B124AE33B500EC78A7 /* ThirtyfourViewController.swift in Sources */,
				1C85D8A724AE322400EC78A7 /* TwentynineViewController.swift in Sources */,
				1C85D8DD24AE380E00EC78A7 /* FiftysixViewController.swift in Sources */,
				1C85D8E724AFD9A200EC78A7 /* CloudCViewController.swift in Sources */,
				1C85D86724A5AA9A00EC78A7 /* IntrotoCSViewController.swift in Sources */,
				7FD1D70D2471C6C8009739DB /* SceneDelegate.swift in Sources */,
				1C85D8C724AE367D00EC78A7 /* FortyfiveViewController.swift in Sources */,
				1C85D8E124AFD8DB00EC78A7 /* ProgrammingViewController.swift in Sources */,
				1C85D8AD24AE32D900EC78A7 /* ThirtytwoViewController.swift in Sources */,
				1C85D89F24AE30EC00EC78A7 /* TwentyfiveViewController.swift in Sources */,
				1C433AB2249ACD3C008977F2 /* SubjectsViewController.swift in Sources */,
				1C85D8CD24AE36C300EC78A7 /* FortyeightViewController.swift in Sources */,
				1C433AB6249ACD8A008977F2 /* ForumViewController.swift in Sources */,
				7FE2D73A2474871A006A954F /* HomeViewController.swift in Sources */,
				1C85D87F24AE2C2B00EC78A7 /* TenViewController.swift in Sources */,
				1C85D8A324AE313100EC78A7 /* TwentysevenViewController.swift in Sources */,
				1C85D87324AE2AD400EC78A7 /* FourViewController.swift in Sources */,
				1C85D8A524AE316800EC78A7 /* TwentyeightViewController.swift in Sources */,
				1C433AB4249ACD60008977F2 /* NotesViewController.swift in Sources */,
				1C85D87D24AE2BF400EC78A7 /* NineViewController.swift in Sources */,
				1C85D89124AE2F5600EC78A7 /* NineteenViewController.swift in Sources */,
				1C85D8C924AE369700EC78A7 /* FortysixViewController.swift in Sources */,
				1C85D88924AE2D9B00EC78A7 /* FifteenViewController.swift in Sources */,
				1C85D87124AE2AC100EC78A7 /* TwoViewController.swift in Sources */,
				1C85D8B724AE349200EC78A7 /* ThirtysevenViewController.swift in Sources */,
				1C85D8C324AE365400EC78A7 /* FortythreeViewController.swift in Sources */,
				1C85D88B24AE2E0C00EC78A7 /* SixteenViewController.swift in Sources */,
				1C433AB0249ACCE3008977F2 /* ProfileViewController.swift in Sources */,
				1C85D88324AE2C9700EC78A7 /* TwelveViewController.swift in Sources */,
				1C433AB8249ACDAA008977F2 /* AboutUsViewController.swift in Sources */,
				1C85D8AB24AE32AC00EC78A7 /* ThirtyoneViewController.swift in Sources */,
				1C85D89924AE307000EC78A7 /* TwentythreeViewController.swift in Sources */,
				7FE2D73824748708006A954F /* LoginViewController.swift in Sources */,
				1C85D8CB24AE36B000EC78A7 /* FortysevenViewController.swift in Sources */,
				1C433ABC249ACE2A008977F2 /* SettingsViewController.swift in Sources */,
				1C85D87924AE2B4800EC78A7 /* SevenViewController.swift in Sources */,
				1C85D89324AE2F6E00EC78A7 /* TwentyViewController.swift in Sources */,
				7F8B5B59249943860015382D /* Service.swift in Sources */,
				1C85D88D24AE2E6400EC78A7 /* SeventeenViewController.swift in Sources */,
				1C85D8CF24AE36D400EC78A7 /* FortynineViewController.swift in Sources */,
				7FE2D736247486ED006A954F /* RegisterViewController.swift in Sources */,
				1C85D86B24AE270C00EC78A7 /* OneViewController.swift in Sources */,
				1C85D88524AE2CD600EC78A7 /* ThirteenViewController.swift in Sources */,
				1C85D8EF24B132DD00EC78A7 /* SixViewController.swift in Sources */,
				1C85D8B324AE33DF00EC78A7 /* ThirtyfiveViewController.swift in Sources */,
				1C85D8B524AE341C00EC78A7 /* ThirtysixViewController.swift in Sources */,
				1C85D8A924AE323A00EC78A7 /* ThirtyViewController.swift in Sources */,
				1C85D8C524AE366800EC78A7 /* FortyfourViewController.swift in Sources */,
				1C85D8BB24AE34F600EC78A7 /* ThirtynineViewController.swift in Sources */,
				1C85D89D24AE30B700EC78A7 /* TwentyfourViewController.swift in Sources */,
				1C85D8EB24AFDA0E00EC78A7 /* GameDevViewController.swift in Sources */,
				1C85D8E324AFD92A00EC78A7 /* WebDevViewController.swift in Sources */,
				1C85D8D324AE375200EC78A7 /* FiftyoneViewController.swift in Sources */,
				7FA7F44324780F8A003DA822 /* Constants.swift in Sources */,
				1C85D89724AE305800EC78A7 /* TwentytwoViewController.swift in Sources */,
				1C85D88724AE2D5800EC78A7 /* FourteenViewController.swift in Sources */,
				1C85D8C124AE363F00EC78A7 /* FortytwoViewController.swift in Sources */,
				1C433ABA249ACDC3008977F2 /* NewsViewController.swift in Sources */,
				1C85D8B924AE34E000EC78A7 /* ThirtyeightViewController.swift in Sources */,
				1C85D88F24AE2E8800EC78A7 /* EighteenViewController.swift in Sources */,
				1C85D8E924AFD9C100EC78A7 /* DatabasesViewController.swift in Sources */,
			);
			runOnlyForDeploymentPostprocessing = 0;
		};
		7FD1D7192471C6CA009739DB /* Sources */ = {
			isa = PBXSourcesBuildPhase;
			buildActionMask = 2147483647;
			files = (
				7FD1D7222471C6CA009739DB /* Kode4KidsTests.swift in Sources */,
			);
			runOnlyForDeploymentPostprocessing = 0;
		};
		7FD1D7242471C6CA009739DB /* Sources */ = {
			isa = PBXSourcesBuildPhase;
			buildActionMask = 2147483647;
			files = (
				7FD1D72D2471C6CA009739DB /* Kode4KidsUITests.swift in Sources */,
			);
			runOnlyForDeploymentPostprocessing = 0;
		};
/* End PBXSourcesBuildPhase section */

/* Begin PBXTargetDependency section */
		7FD1D71F2471C6CA009739DB /* PBXTargetDependency */ = {
			isa = PBXTargetDependency;
			target = 7FD1D7062471C6C8009739DB /* Kode4Kids */;
			targetProxy = 7FD1D71E2471C6CA009739DB /* PBXContainerItemProxy */;
		};
		7FD1D72A2471C6CA009739DB /* PBXTargetDependency */ = {
			isa = PBXTargetDependency;
			target = 7FD1D7062471C6C8009739DB /* Kode4Kids */;
			targetProxy = 7FD1D7292471C6CA009739DB /* PBXContainerItemProxy */;
		};
/* End PBXTargetDependency section */

/* Begin PBXVariantGroup section */
		7FD1D7102471C6C8009739DB /* Main.storyboard */ = {
			isa = PBXVariantGroup;
			children = (
				7FD1D7112471C6C8009739DB /* Base */,
			);
			name = Main.storyboard;
			sourceTree = "<group>";
		};
		7FD1D7152471C6CA009739DB /* LaunchScreen.storyboard */ = {
			isa = PBXVariantGroup;
			children = (
				7FD1D7162471C6CA009739DB /* Base */,
			);
			name = LaunchScreen.storyboard;
			sourceTree = "<group>";
		};
/* End PBXVariantGroup section */

/* Begin XCBuildConfiguration section */
		7FD1D72F2471C6CA009739DB /* Debug */ = {
			isa = XCBuildConfiguration;
			buildSettings = {
				ALWAYS_SEARCH_USER_PATHS = NO;
				CLANG_ANALYZER_NONNULL = YES;
				CLANG_ANALYZER_NUMBER_OBJECT_CONVERSION = YES_AGGRESSIVE;
				CLANG_CXX_LANGUAGE_STANDARD = "gnu++14";
				CLANG_CXX_LIBRARY = "libc++";
				CLANG_ENABLE_MODULES = YES;
				CLANG_ENABLE_OBJC_ARC = YES;
				CLANG_ENABLE_OBJC_WEAK = YES;
				CLANG_WARN_BLOCK_CAPTURE_AUTORELEASING = YES;
				CLANG_WARN_BOOL_CONVERSION = YES;
				CLANG_WARN_COMMA = YES;
				CLANG_WARN_CONSTANT_CONVERSION = YES;
				CLANG_WARN_DEPRECATED_OBJC_IMPLEMENTATIONS = YES;
				CLANG_WARN_DIRECT_OBJC_ISA_USAGE = YES_ERROR;
				CLANG_WARN_DOCUMENTATION_COMMENTS = YES;
				CLANG_WARN_EMPTY_BODY = YES;
				CLANG_WARN_ENUM_CONVERSION = YES;
				CLANG_WARN_INFINITE_RECURSION = YES;
				CLANG_WARN_INT_CONVERSION = YES;
				CLANG_WARN_NON_LITERAL_NULL_CONVERSION = YES;
				CLANG_WARN_OBJC_IMPLICIT_RETAIN_SELF = YES;
				CLANG_WARN_OBJC_LITERAL_CONVERSION = YES;
				CLANG_WARN_OBJC_ROOT_CLASS = YES_ERROR;
				CLANG_WARN_RANGE_LOOP_ANALYSIS = YES;
				CLANG_WARN_STRICT_PROTOTYPES = YES;
				CLANG_WARN_SUSPICIOUS_MOVE = YES;
				CLANG_WARN_UNGUARDED_AVAILABILITY = YES_AGGRESSIVE;
				CLANG_WARN_UNREACHABLE_CODE = YES;
				CLANG_WARN__DUPLICATE_METHOD_MATCH = YES;
				COPY_PHASE_STRIP = NO;
				DEBUG_INFORMATION_FORMAT = dwarf;
				ENABLE_STRICT_OBJC_MSGSEND = YES;
				ENABLE_TESTABILITY = YES;
				GCC_C_LANGUAGE_STANDARD = gnu11;
				GCC_DYNAMIC_NO_PIC = NO;
				GCC_NO_COMMON_BLOCKS = YES;
				GCC_OPTIMIZATION_LEVEL = 0;
				GCC_PREPROCESSOR_DEFINITIONS = (
					"DEBUG=1",
					"$(inherited)",
				);
				GCC_WARN_64_TO_32_BIT_CONVERSION = YES;
				GCC_WARN_ABOUT_RETURN_TYPE = YES_ERROR;
				GCC_WARN_UNDECLARED_SELECTOR = YES;
				GCC_WARN_UNINITIALIZED_AUTOS = YES_AGGRESSIVE;
				GCC_WARN_UNUSED_FUNCTION = YES;
				GCC_WARN_UNUSED_VARIABLE = YES;
				IPHONEOS_DEPLOYMENT_TARGET = 13.4;
				MTL_ENABLE_DEBUG_INFO = INCLUDE_SOURCE;
				MTL_FAST_MATH = YES;
				ONLY_ACTIVE_ARCH = YES;
				SDKROOT = iphoneos;
				SWIFT_ACTIVE_COMPILATION_CONDITIONS = DEBUG;
				SWIFT_OPTIMIZATION_LEVEL = "-Onone";
			};
			name = Debug;
		};
		7FD1D7302471C6CA009739DB /* Release */ = {
			isa = XCBuildConfiguration;
			buildSettings = {
				ALWAYS_SEARCH_USER_PATHS = NO;
				CLANG_ANALYZER_NONNULL = YES;
				CLANG_ANALYZER_NUMBER_OBJECT_CONVERSION = YES_AGGRESSIVE;
				CLANG_CXX_LANGUAGE_STANDARD = "gnu++14";
				CLANG_CXX_LIBRARY = "libc++";
				CLANG_ENABLE_MODULES = YES;
				CLANG_ENABLE_OBJC_ARC = YES;
				CLANG_ENABLE_OBJC_WEAK = YES;
				CLANG_WARN_BLOCK_CAPTURE_AUTORELEASING = YES;
				CLANG_WARN_BOOL_CONVERSION = YES;
				CLANG_WARN_COMMA = YES;
				CLANG_WARN_CONSTANT_CONVERSION = YES;
				CLANG_WARN_DEPRECATED_OBJC_IMPLEMENTATIONS = YES;
				CLANG_WARN_DIRECT_OBJC_ISA_USAGE = YES_ERROR;
				CLANG_WARN_DOCUMENTATION_COMMENTS = YES;
				CLANG_WARN_EMPTY_BODY = YES;
				CLANG_WARN_ENUM_CONVERSION = YES;
				CLANG_WARN_INFINITE_RECURSION = YES;
				CLANG_WARN_INT_CONVERSION = YES;
				CLANG_WARN_NON_LITERAL_NULL_CONVERSION = YES;
				CLANG_WARN_OBJC_IMPLICIT_RETAIN_SELF = YES;
				CLANG_WARN_OBJC_LITERAL_CONVERSION = YES;
				CLANG_WARN_OBJC_ROOT_CLASS = YES_ERROR;
				CLANG_WARN_RANGE_LOOP_ANALYSIS = YES;
				CLANG_WARN_STRICT_PROTOTYPES = YES;
				CLANG_WARN_SUSPICIOUS_MOVE = YES;
				CLANG_WARN_UNGUARDED_AVAILABILITY = YES_AGGRESSIVE;
				CLANG_WARN_UNREACHABLE_CODE = YES;
				CLANG_WARN__DUPLICATE_METHOD_MATCH = YES;
				COPY_PHASE_STRIP = NO;
				DEBUG_INFORMATION_FORMAT = "dwarf-with-dsym";
				ENABLE_NS_ASSERTIONS = NO;
				ENABLE_STRICT_OBJC_MSGSEND = YES;
				GCC_C_LANGUAGE_STANDARD = gnu11;
				GCC_NO_COMMON_BLOCKS = YES;
				GCC_WARN_64_TO_32_BIT_CONVERSION = YES;
				GCC_WARN_ABOUT_RETURN_TYPE = YES_ERROR;
				GCC_WARN_UNDECLARED_SELECTOR = YES;
				GCC_WARN_UNINITIALIZED_AUTOS = YES_AGGRESSIVE;
				GCC_WARN_UNUSED_FUNCTION = YES;
				GCC_WARN_UNUSED_VARIABLE = YES;
				IPHONEOS_DEPLOYMENT_TARGET = 13.4;
				MTL_ENABLE_DEBUG_INFO = NO;
				MTL_FAST_MATH = YES;
				SDKROOT = iphoneos;
				SWIFT_COMPILATION_MODE = wholemodule;
				SWIFT_OPTIMIZATION_LEVEL = "-O";
				VALIDATE_PRODUCT = YES;
			};
			name = Release;
		};
		7FD1D7322471C6CA009739DB /* Debug */ = {
			isa = XCBuildConfiguration;
			baseConfigurationReference = 1E58B2BCEA2D2AE164E867D3 /* Pods-Kode4Kids.debug.xcconfig */;
			buildSettings = {
				ASSETCATALOG_COMPILER_APPICON_NAME = AppIcon;
				CODE_SIGN_STYLE = Automatic;
				DEVELOPMENT_TEAM = "";
				INFOPLIST_FILE = Kode4Kids/Info.plist;
				LD_RUNPATH_SEARCH_PATHS = (
					"$(inherited)",
					"@executable_path/Frameworks",
				);
				PRODUCT_BUNDLE_IDENTIFIER = com.Kode4Kids;
				PRODUCT_NAME = "$(TARGET_NAME)";
				SWIFT_VERSION = 5.0;
				TARGETED_DEVICE_FAMILY = "1,2";
			};
			name = Debug;
		};
		7FD1D7332471C6CA009739DB /* Release */ = {
			isa = XCBuildConfiguration;
			baseConfigurationReference = F38F78F42A9747F2C926FD4B /* Pods-Kode4Kids.release.xcconfig */;
			buildSettings = {
				ASSETCATALOG_COMPILER_APPICON_NAME = AppIcon;
				CODE_SIGN_STYLE = Automatic;
				DEVELOPMENT_TEAM = "";
				INFOPLIST_FILE = Kode4Kids/Info.plist;
				LD_RUNPATH_SEARCH_PATHS = (
					"$(inherited)",
					"@executable_path/Frameworks",
				);
				PRODUCT_BUNDLE_IDENTIFIER = com.Kode4Kids;
				PRODUCT_NAME = "$(TARGET_NAME)";
				SWIFT_VERSION = 5.0;
				TARGETED_DEVICE_FAMILY = "1,2";
			};
			name = Release;
		};
		7FD1D7352471C6CA009739DB /* Debug */ = {
			isa = XCBuildConfiguration;
			baseConfigurationReference = C32CBB4D9FFA283C659C533E /* Pods-Kode4KidsTests.debug.xcconfig */;
			buildSettings = {
				ALWAYS_EMBED_SWIFT_STANDARD_LIBRARIES = YES;
				BUNDLE_LOADER = "$(TEST_HOST)";
				CODE_SIGN_STYLE = Automatic;
				INFOPLIST_FILE = Kode4KidsTests/Info.plist;
				IPHONEOS_DEPLOYMENT_TARGET = 13.4;
				LD_RUNPATH_SEARCH_PATHS = (
					"$(inherited)",
					"@executable_path/Frameworks",
					"@loader_path/Frameworks",
				);
				PRODUCT_BUNDLE_IDENTIFIER = com.Kode4KidsTests;
				PRODUCT_NAME = "$(TARGET_NAME)";
				SWIFT_VERSION = 5.0;
				TARGETED_DEVICE_FAMILY = "1,2";
				TEST_HOST = "$(BUILT_PRODUCTS_DIR)/Kode4Kids.app/Kode4Kids";
			};
			name = Debug;
		};
		7FD1D7362471C6CA009739DB /* Release */ = {
			isa = XCBuildConfiguration;
			baseConfigurationReference = 10F431729217EEDEBEC0042C /* Pods-Kode4KidsTests.release.xcconfig */;
			buildSettings = {
				ALWAYS_EMBED_SWIFT_STANDARD_LIBRARIES = YES;
				BUNDLE_LOADER = "$(TEST_HOST)";
				CODE_SIGN_STYLE = Automatic;
				INFOPLIST_FILE = Kode4KidsTests/Info.plist;
				IPHONEOS_DEPLOYMENT_TARGET = 13.4;
				LD_RUNPATH_SEARCH_PATHS = (
					"$(inherited)",
					"@executable_path/Frameworks",
					"@loader_path/Frameworks",
				);
				PRODUCT_BUNDLE_IDENTIFIER = com.Kode4KidsTests;
				PRODUCT_NAME = "$(TARGET_NAME)";
				SWIFT_VERSION = 5.0;
				TARGETED_DEVICE_FAMILY = "1,2";
				TEST_HOST = "$(BUILT_PRODUCTS_DIR)/Kode4Kids.app/Kode4Kids";
			};
			name = Release;
		};
		7FD1D7382471C6CA009739DB /* Debug */ = {
			isa = XCBuildConfiguration;
			baseConfigurationReference = 3AB115DD4E266FC864B7977B /* Pods-Kode4Kids-Kode4KidsUITests.debug.xcconfig */;
			buildSettings = {
				ALWAYS_EMBED_SWIFT_STANDARD_LIBRARIES = YES;
				CODE_SIGN_STYLE = Automatic;
				INFOPLIST_FILE = Kode4KidsUITests/Info.plist;
				LD_RUNPATH_SEARCH_PATHS = (
					"$(inherited)",
					"@executable_path/Frameworks",
					"@loader_path/Frameworks",
				);
				PRODUCT_BUNDLE_IDENTIFIER = com.Kode4KidsUITests;
				PRODUCT_NAME = "$(TARGET_NAME)";
				SWIFT_VERSION = 5.0;
				TARGETED_DEVICE_FAMILY = "1,2";
				TEST_TARGET_NAME = Kode4Kids;
			};
			name = Debug;
		};
		7FD1D7392471C6CA009739DB /* Release */ = {
			isa = XCBuildConfiguration;
			baseConfigurationReference = CA6702B6EECEE181E4027005 /* Pods-Kode4Kids-Kode4KidsUITests.release.xcconfig */;
			buildSettings = {
				ALWAYS_EMBED_SWIFT_STANDARD_LIBRARIES = YES;
				CODE_SIGN_STYLE = Automatic;
				INFOPLIST_FILE = Kode4KidsUITests/Info.plist;
				LD_RUNPATH_SEARCH_PATHS = (
					"$(inherited)",
					"@executable_path/Frameworks",
					"@loader_path/Frameworks",
				);
				PRODUCT_BUNDLE_IDENTIFIER = com.Kode4KidsUITests;
				PRODUCT_NAME = "$(TARGET_NAME)";
				SWIFT_VERSION = 5.0;
				TARGETED_DEVICE_FAMILY = "1,2";
				TEST_TARGET_NAME = Kode4Kids;
			};
			name = Release;
		};
/* End XCBuildConfiguration section */

/* Begin XCConfigurationList section */
		7FD1D7022471C6C8009739DB /* Build configuration list for PBXProject "Kode4Kids" */ = {
			isa = XCConfigurationList;
			buildConfigurations = (
				7FD1D72F2471C6CA009739DB /* Debug */,
				7FD1D7302471C6CA009739DB /* Release */,
			);
			defaultConfigurationIsVisible = 0;
			defaultConfigurationName = Release;
		};
		7FD1D7312471C6CA009739DB /* Build configuration list for PBXNativeTarget "Kode4Kids" */ = {
			isa = XCConfigurationList;
			buildConfigurations = (
				7FD1D7322471C6CA009739DB /* Debug */,
				7FD1D7332471C6CA009739DB /* Release */,
			);
			defaultConfigurationIsVisible = 0;
			defaultConfigurationName = Release;
		};
		7FD1D7342471C6CA009739DB /* Build configuration list for PBXNativeTarget "Kode4KidsTests" */ = {
			isa = XCConfigurationList;
			buildConfigurations = (
				7FD1D7352471C6CA009739DB /* Debug */,
				7FD1D7362471C6CA009739DB /* Release */,
			);
			defaultConfigurationIsVisible = 0;
			defaultConfigurationName = Release;
		};
		7FD1D7372471C6CA009739DB /* Build configuration list for PBXNativeTarget "Kode4KidsUITests" */ = {
			isa = XCConfigurationList;
			buildConfigurations = (
				7FD1D7382471C6CA009739DB /* Debug */,
				7FD1D7392471C6CA009739DB /* Release */,
			);
			defaultConfigurationIsVisible = 0;
			defaultConfigurationName = Release;
		};
/* End XCConfigurationList section */
	};
	rootObject = 7FD1D6FF2471C6C8009739DB /* Project object */;
}
